
Microsoft Visual Studio Solution File, Format Version 12.00
# Visual Studio Version 17
VisualStudioVersion = 17.3.32901.215
MinimumVisualStudioVersion = 10.0.40219.1
Project("{9A19103F-16F7-4668-BE54-9A1E7A4F7556}") = "EmployeeTekosol", "EmployeeTekosol.csproj", "{37E5E38E-256D-4A1E-89E8-DF72D9963BB2}"
	ProjectSection(ProjectDependencies) = postProject
		{78C2487B-5F53-42E8-8867-9BEB501F4054} = {78C2487B-5F53-42E8-8867-9BEB501F4054}
	EndProjectSection
EndProject
Project("{2150E333-8FDC-42A3-9474-1A3956D46DE8}") = "API", "API", "{ACFE57D0-64CB-4F80-9E2C-808BCC783DD4}"
EndProject
Project("{2150E333-8FDC-42A3-9474-1A3956D46DE8}") = "Business", "Business", "{ADBA5906-19B4-4036-878F-7D445BABF917}"
EndProject
Project("{2150E333-8FDC-42A3-9474-1A3956D46DE8}") = "Repository", "Repository", "{F9B01D58-4587-4853-B797-D1A80EC8B7B2}"
EndProject
Project("{9A19103F-16F7-4668-BE54-9A1E7A4F7556}") = "EmployeeTekosol.Repository", "EmployeeTekosol.Repository\EmployeeTekosol.Repository.csproj", "{78C2487B-5F53-42E8-8867-9BEB501F4054}"
EndProject
Project("{FAE04EC0-301F-11D3-BF4B-00C04F79EFBC}") = "EmployeeTekosol.Service", "EmployeeTekosol.Service\EmployeeTekosol.Service.csproj", "{6D6D9B52-E893-498C-A80F-DA2B0E402DDE}"
EndProject
Global
	GlobalSection(SolutionConfigurationPlatforms) = preSolution
		Debug|Any CPU = Debug|Any CPU
		Release|Any CPU = Release|Any CPU
	EndGlobalSection
	GlobalSection(ProjectConfigurationPlatforms) = postSolution
		{37E5E38E-256D-4A1E-89E8-DF72D9963BB2}.Debug|Any CPU.ActiveCfg = Debug|Any CPU
		{37E5E38E-256D-4A1E-89E8-DF72D9963BB2}.Debug|Any CPU.Build.0 = Debug|Any CPU
		{37E5E38E-256D-4A1E-89E8-DF72D9963BB2}.Release|Any CPU.ActiveCfg = Release|Any CPU
		{37E5E38E-256D-4A1E-89E8-DF72D9963BB2}.Release|Any CPU.Build.0 = Release|Any CPU
		{78C2487B-5F53-42E8-8867-9BEB501F4054}.Debug|Any CPU.ActiveCfg = Debug|Any CPU
		{78C2487B-5F53-42E8-8867-9BEB501F4054}.Debug|Any CPU.Build.0 = Debug|Any CPU
		{78C2487B-5F53-42E8-8867-9BEB501F4054}.Release|Any CPU.ActiveCfg = Release|Any CPU
		{78C2487B-5F53-42E8-8867-9BEB501F4054}.Release|Any CPU.Build.0 = Release|Any CPU
		{6D6D9B52-E893-498C-A80F-DA2B0E402DDE}.Debug|Any CPU.ActiveCfg = Debug|Any CPU
		{6D6D9B52-E893-498C-A80F-DA2B0E402DDE}.Debug|Any CPU.Build.0 = Debug|Any CPU
		{6D6D9B52-E893-498C-A80F-DA2B0E402DDE}.Release|Any CPU.ActiveCfg = Release|Any CPU
		{6D6D9B52-E893-498C-A80F-DA2B0E402DDE}.Release|Any CPU.Build.0 = Release|Any CPU
	EndGlobalSection
	GlobalSection(SolutionProperties) = preSolution
		HideSolutionNode = FALSE
	EndGlobalSection
	GlobalSection(NestedProjects) = preSolution
		{37E5E38E-256D-4A1E-89E8-DF72D9963BB2} = {ACFE57D0-64CB-4F80-9E2C-808BCC783DD4}
		{78C2487B-5F53-42E8-8867-9BEB501F4054} = {F9B01D58-4587-4853-B797-D1A80EC8B7B2}
		{6D6D9B52-E893-498C-A80F-DA2B0E402DDE} = {ADBA5906-19B4-4036-878F-7D445BABF917}
	EndGlobalSection
	GlobalSection(ExtensibilityGlobals) = postSolution
		SolutionGuid = {56F71081-3874-4129-9D02-033585C13E96}
	EndGlobalSection
EndGlobal
